// !$*UTF8*$!
{
	archiveVersion = 1;
	classes = {
	};
	objectVersion = 55;
	objects = {

/* Begin PBXBuildFile section */
		88C4B28527B96FD9002C06ED /* DiceeApp.swift in Sources */ = {isa = PBXBuildFile; fileRef = 88C4B28427B96FD9002C06ED /* DiceeApp.swift */; };
		88C4B28727B96FD9002C06ED /* ContentView.swift in Sources */ = {isa = PBXBuildFile; fileRef = 88C4B28627B96FD9002C06ED /* ContentView.swift */; };
		88C4B28927B96FDA002C06ED /* Assets.xcassets in Resources */ = {isa = PBXBuildFile; fileRef = 88C4B28827B96FDA002C06ED /* Assets.xcassets */; };
		88C4B28C27B96FDA002C06ED /* Preview Assets.xcassets in Resources */ = {isa = PBXBuildFile; fileRef = 88C4B28B27B96FDA002C06ED /* Preview Assets.xcassets */; };
		88C4B28E27B96FDA002C06ED /* Persistence.swift in Sources */ = {isa = PBXBuildFile; fileRef = 88C4B28D27B96FDA002C06ED /* Persistence.swift */; };
		88C4B29127B96FDA002C06ED /* Dicee.xcdatamodeld in Sources */ = {isa = PBXBuildFile; fileRef = 88C4B28F27B96FDA002C06ED /* Dicee.xcdatamodeld */; };
		88C4B29B27B96FDA002C06ED /* DiceeTests.swift in Sources */ = {isa = PBXBuildFile; fileRef = 88C4B29A27B96FDA002C06ED /* DiceeTests.swift */; };
		88C4B2A527B96FDA002C06ED /* DiceeUITests.swift in Sources */ = {isa = PBXBuildFile; fileRef = 88C4B2A427B96FDA002C06ED /* DiceeUITests.swift */; };
		88C4B2A727B96FDA002C06ED /* DiceeUITestsLaunchTests.swift in Sources */ = {isa = PBXBuildFile; fileRef = 88C4B2A627B96FDA002C06ED /* DiceeUITestsLaunchTests.swift */; };
/* End PBXBuildFile section */

/* Begin PBXContainerItemProxy section */
		88C4B29727B96FDA002C06ED /* PBXContainerItemProxy */ = {
			isa = PBXContainerItemProxy;
			containerPortal = 88C4B27927B96FD9002C06ED /* Project object */;
			proxyType = 1;
			remoteGlobalIDString = 88C4B28027B96FD9002C06ED;
			remoteInfo = Dicee;
		};
		88C4B2A127B96FDA002C06ED /* PBXContainerItemProxy */ = {
			isa = PBXContainerItemProxy;
			containerPortal = 88C4B27927B96FD9002C06ED /* Project object */;
			proxyType = 1;
			remoteGlobalIDString = 88C4B28027B96FD9002C06ED;
			remoteInfo = Dicee;
		};
/* End PBXContainerItemProxy section */

/* Begin PBXFileReference section */
		88C4B28127B96FD9002C06ED /* Dicee.app */ = {isa = PBXFileReference; explicitFileType = wrapper.application; includeInIndex = 0; path = Dicee.app; sourceTree = BUILT_PRODUCTS_DIR; };
		88C4B28427B96FD9002C06ED /* DiceeApp.swift */ = {isa = PBXFileReference; lastKnownFileType = sourcecode.swift; path = DiceeApp.swift; sourceTree = "<group>"; };
		88C4B28627B96FD9002C06ED /* ContentView.swift */ = {isa = PBXFileReference; lastKnownFileType = sourcecode.swift; path = ContentView.swift; sourceTree = "<group>"; };
		88C4B28827B96FDA002C06ED /* Assets.xcassets */ = {isa = PBXFileReference; lastKnownFileType = folder.assetcatalog; path = Assets.xcassets; sourceTree = "<group>"; };
		88C4B28B27B96FDA002C06ED /* Preview Assets.xcassets */ = {isa = PBXFileReference; lastKnownFileType = folder.assetcatalog; path = "Preview Assets.xcassets"; sourceTree = "<group>"; };
		88C4B28D27B96FDA002C06ED /* Persistence.swift */ = {isa = PBXFileReference; lastKnownFileType = sourcecode.swift; path = Persistence.swift; sourceTree = "<group>"; };
		88C4B29027B96FDA002C06ED /* Dicee.xcdatamodel */ = {isa = PBXFileReference; lastKnownFileType = wrapper.xcdatamodel; path = Dicee.xcdatamodel; sourceTree = "<group>"; };
		88C4B29627B96FDA002C06ED /* DiceeTests.xctest */ = {isa = PBXFileReference; explicitFileType = wrapper.cfbundle; includeInIndex = 0; path = DiceeTests.xctest; sourceTree = BUILT_PRODUCTS_DIR; };
		88C4B29A27B96FDA002C06ED /* DiceeTests.swift */ = {isa = PBXFileReference; lastKnownFileType = sourcecode.swift; path = DiceeTests.swift; sourceTree = "<group>"; };
		88C4B2A027B96FDA002C06ED /* DiceeUITests.xctest */ = {isa = PBXFileReference; explicitFileType = wrapper.cfbundle; includeInIndex = 0; path = DiceeUITests.xctest; sourceTree = BUILT_PRODUCTS_DIR; };
		88C4B2A427B96FDA002C06ED /* DiceeUITests.swift */ = {isa = PBXFileReference; lastKnownFileType = sourcecode.swift; path = DiceeUITests.swift; sourceTree = "<group>"; };
		88C4B2A627B96FDA002C06ED /* DiceeUITestsLaunchTests.swift */ = {isa = PBXFileReference; lastKnownFileType = sourcecode.swift; path = DiceeUITestsLaunchTests.swift; sourceTree = "<group>"; };
/* End PBXFileReference section */

/* Begin PBXFrameworksBuildPhase section */
		88C4B27E27B96FD9002C06ED /* Frameworks */ = {
			isa = PBXFrameworksBuildPhase;
			buildActionMask = 2147483647;
			files = (
			);
			runOnlyForDeploymentPostprocessing = 0;
		};
		88C4B29327B96FDA002C06ED /* Frameworks */ = {
			isa = PBXFrameworksBuildPhase;
			buildActionMask = 2147483647;
			files = (
			);
			runOnlyForDeploymentPostprocessing = 0;
		};
		88C4B29D27B96FDA002C06ED /* Frameworks */ = {
			isa = PBXFrameworksBuildPhase;
			buildActionMask = 2147483647;
			files = (
			);
			runOnlyForDeploymentPostprocessing = 0;
		};
/* End PBXFrameworksBuildPhase section */

/* Begin PBXGroup section */
		88C4B27827B96FD9002C06ED = {
			isa = PBXGroup;
			children = (
				88C4B28327B96FD9002C06ED /* Dicee */,
				88C4B29927B96FDA002C06ED /* DiceeTests */,
				88C4B2A327B96FDA002C06ED /* DiceeUITests */,
				88C4B28227B96FD9002C06ED /* Products */,
			);
			sourceTree = "<group>";
		};
		88C4B28227B96FD9002C06ED /* Products */ = {
			isa = PBXGroup;
			children = (
				88C4B28127B96FD9002C06ED /* Dicee.app */,
				88C4B29627B96FDA002C06ED /* DiceeTests.xctest */,
				88C4B2A027B96FDA002C06ED /* DiceeUITests.xctest */,
			);
			name = Products;
			sourceTree = "<group>";
		};
		88C4B28327B96FD9002C06ED /* Dicee */ = {
			isa = PBXGroup;
			children = (
				88C4B28427B96FD9002C06ED /* DiceeApp.swift */,
				88C4B28627B96FD9002C06ED /* ContentView.swift */,
				88C4B28827B96FDA002C06ED /* Assets.xcassets */,
				88C4B28D27B96FDA002C06ED /* Persistence.swift */,
				88C4B28F27B96FDA002C06ED /* Dicee.xcdatamodeld */,
				88C4B28A27B96FDA002C06ED /* Preview Content */,
			);
			path = Dicee;
			sourceTree = "<group>";
		};
		88C4B28A27B96FDA002C06ED /* Preview Content */ = {
			isa = PBXGroup;
			children = (
				88C4B28B27B96FDA002C06ED /* Preview Assets.xcassets */,
			);
			path = "Preview Content";
			sourceTree = "<group>";
		};
		88C4B29927B96FDA002C06ED /* DiceeTests */ = {
			isa = PBXGroup;
			children = (
				88C4B29A27B96FDA002C06ED /* DiceeTests.swift */,
			);
			path = DiceeTests;
			sourceTree = "<group>";
		};
		88C4B2A327B96FDA002C06ED /* DiceeUITests */ = {
			isa = PBXGroup;
			children = (
				88C4B2A427B96FDA002C06ED /* DiceeUITests.swift */,
				88C4B2A627B96FDA002C06ED /* DiceeUITestsLaunchTests.swift */,
			);
			path = DiceeUITests;
			sourceTree = "<group>";
		};
/* End PBXGroup section */

/* Begin PBXNativeTarget section */
		88C4B28027B96FD9002C06ED /* Dicee */ = {
			isa = PBXNativeTarget;
			buildConfigurationList = 88C4B2AA27B96FDA002C06ED /* Build configuration list for PBXNativeTarget "Dicee" */;
			buildPhases = (
				88C4B27D27B96FD9002C06ED /* Sources */,
				88C4B27E27B96FD9002C06ED /* Frameworks */,
				88C4B27F27B96FD9002C06ED /* Resources */,
			);
			buildRules = (
			);
			dependencies = (
			);
			name = Dicee;
			productName = Dicee;
			productReference = 88C4B28127B96FD9002C06ED /* Dicee.app */;
			productType = "com.apple.product-type.application";
		};
		88C4B29527B96FDA002C06ED /* DiceeTests */ = {
			isa = PBXNativeTarget;
			buildConfigurationList = 88C4B2AD27B96FDA002C06ED /* Build configuration list for PBXNativeTarget "DiceeTests" */;
			buildPhases = (
				88C4B29227B96FDA002C06ED /* Sources */,
				88C4B29327B96FDA002C06ED /* Frameworks */,
				88C4B29427B96FDA002C06ED /* Resources */,
			);
			buildRules = (
			);
			dependencies = (
				88C4B29827B96FDA002C06ED /* PBXTargetDependency */,
			);
			name = DiceeTests;
			productName = DiceeTests;
			productReference = 88C4B29627B96FDA002C06ED /* DiceeTests.xctest */;
			productType = "com.apple.product-type.bundle.unit-test";
		};
		88C4B29F27B96FDA002C06ED /* DiceeUITests */ = {
			isa = PBXNativeTarget;
			buildConfigurationList = 88C4B2B027B96FDA002C06ED /* Build configuration list for PBXNativeTarget "DiceeUITests" */;
			buildPhases = (
				88C4B29C27B96FDA002C06ED /* Sources */,
				88C4B29D27B96FDA002C06ED /* Frameworks */,
				88C4B29E27B96FDA002C06ED /* Resources */,
			);
			buildRules = (
			);
			dependencies = (
				88C4B2A227B96FDA002C06ED /* PBXTargetDependency */,
			);
			name = DiceeUITests;
			productName = DiceeUITests;
			productReference = 88C4B2A027B96FDA002C06ED /* DiceeUITests.xctest */;
			productType = "com.apple.product-type.bundle.ui-testing";
		};
/* End PBXNativeTarget section */

/* Begin PBXProject section */
		88C4B27927B96FD9002C06ED /* Project object */ = {
			isa = PBXProject;
			attributes = {
				BuildIndependentTargetsInParallel = 1;
				LastSwiftUpdateCheck = 1310;
				LastUpgradeCheck = 1310;
				TargetAttributes = {
					88C4B28027B96FD9002C06ED = {
						CreatedOnToolsVersion = 13.1;
					};
					88C4B29527B96FDA002C06ED = {
						CreatedOnToolsVersion = 13.1;
						TestTargetID = 88C4B28027B96FD9002C06ED;
					};
					88C4B29F27B96FDA002C06ED = {
						CreatedOnToolsVersion = 13.1;
						TestTargetID = 88C4B28027B96FD9002C06ED;
					};
				};
			};
			buildConfigurationList = 88C4B27C27B96FD9002C06ED /* Build configuration list for PBXProject "Dicee" */;
			compatibilityVersion = "Xcode 13.0";
			developmentRegion = en;
			hasScannedForEncodings = 0;
			knownRegions = (
				en,
				Base,
			);
			mainGroup = 88C4B27827B96FD9002C06ED;
			productRefGroup = 88C4B28227B96FD9002C06ED /* Products */;
			projectDirPath = "";
			projectRoot = "";
			targets = (
				88C4B28027B96FD9002C06ED /* Dicee */,
				88C4B29527B96FDA002C06ED /* DiceeTests */,
				88C4B29F27B96FDA002C06ED /* DiceeUITests */,
			);
		};
/* End PBXProject section */

/* Begin PBXResourcesBuildPhase section */
		88C4B27F27B96FD9002C06ED /* Resources */ = {
			isa = PBXResourcesBuildPhase;
			buildActionMask = 2147483647;
			files = (
				88C4B28C27B96FDA002C06ED /* Preview Assets.xcassets in Resources */,
				88C4B28927B96FDA002C06ED /* Assets.xcassets in Resources */,
			);
			runOnlyForDeploymentPostprocessing = 0;
		};
		88C4B29427B96FDA002C06ED /* Resources */ = {
			isa = PBXResourcesBuildPhase;
			buildActionMask = 2147483647;
			files = (
			);
			runOnlyForDeploymentPostprocessing = 0;
		};
		88C4B29E27B96FDA002C06ED /* Resources */ = {
			isa = PBXResourcesBuildPhase;
			buildActionMask = 2147483647;
			files = (
			);
			runOnlyForDeploymentPostprocessing = 0;
		};
/* End PBXResourcesBuildPhase section */

/* Begin PBXSourcesBuildPhase section */
		88C4B27D27B96FD9002C06ED /* Sources */ = {
			isa = PBXSourcesBuildPhase;
			buildActionMask = 2147483647;
			files = (
				88C4B29127B96FDA002C06ED /* Dicee.xcdatamodeld in Sources */,
				88C4B28E27B96FDA002C06ED /* Persistence.swift in Sources */,
				88C4B28727B96FD9002C06ED /* ContentView.swift in Sources */,
				88C4B28527B96FD9002C06ED /* DiceeApp.swift in Sources */,
			);
			runOnlyForDeploymentPostprocessing = 0;
		};
		88C4B29227B96FDA002C06ED /* Sources */ = {
			isa = PBXSourcesBuildPhase;
			buildActionMask = 2147483647;
			files = (
				88C4B29B27B96FDA002C06ED /* DiceeTests.swift in Sources */,
			);
			runOnlyForDeploymentPostprocessing = 0;
		};
		88C4B29C27B96FDA002C06ED /* Sources */ = {
			isa = PBXSourcesBuildPhase;
			buildActionMask = 2147483647;
			files = (
				88C4B2A527B96FDA002C06ED /* DiceeUITests.swift in Sources */,
				88C4B2A727B96FDA002C06ED /* DiceeUITestsLaunchTests.swift in Sources */,
			);
			runOnlyForDeploymentPostprocessing = 0;
		};
/* End PBXSourcesBuildPhase section */

/* Begin PBXTargetDependency section */
		88C4B29827B96FDA002C06ED /* PBXTargetDependency */ = {
			isa = PBXTargetDependency;
			target = 88C4B28027B96FD9002C06ED /* Dicee */;
			targetProxy = 88C4B29727B96FDA002C06ED /* PBXContainerItemProxy */;
		};
		88C4B2A227B96FDA002C06ED /* PBXTargetDependency */ = {
			isa = PBXTargetDependency;
			target = 88C4B28027B96FD9002C06ED /* Dicee */;
			targetProxy = 88C4B2A127B96FDA002C06ED /* PBXContainerItemProxy */;
		};
/* End PBXTargetDependency section */

/* Begin XCBuildConfiguration section */
		88C4B2A827B96FDA002C06ED /* Debug */ = {
			isa = XCBuildConfiguration;
			buildSettings = {
				ALWAYS_SEARCH_USER_PATHS = NO;
				CLANG_ANALYZER_NONNULL = YES;
				CLANG_ANALYZER_NUMBER_OBJECT_CONVERSION = YES_AGGRESSIVE;
				CLANG_CXX_LANGUAGE_STANDARD = "gnu++17";
				CLANG_CXX_LIBRARY = "libc++";
				CLANG_ENABLE_MODULES = YES;
				CLANG_ENABLE_OBJC_ARC = YES;
				CLANG_ENABLE_OBJC_WEAK = YES;
				CLANG_WARN_BLOCK_CAPTURE_AUTORELEASING = YES;
				CLANG_WARN_BOOL_CONVERSION = YES;
				CLANG_WARN_COMMA = YES;
				CLANG_WARN_CONSTANT_CONVERSION = YES;
				CLANG_WARN_DEPRECATED_OBJC_IMPLEMENTATIONS = YES;
				CLANG_WARN_DIRECT_OBJC_ISA_USAGE = YES_ERROR;
				CLANG_WARN_DOCUMENTATION_COMMENTS = YES;
				CLANG_WARN_EMPTY_BODY = YES;
				CLANG_WARN_ENUM_CONVERSION = YES;
				CLANG_WARN_INFINITE_RECURSION = YES;
				CLANG_WARN_INT_CONVERSION = YES;
				CLANG_WARN_NON_LITERAL_NULL_CONVERSION = YES;
				CLANG_WARN_OBJC_IMPLICIT_RETAIN_SELF = YES;
				CLANG_WARN_OBJC_LITERAL_CONVERSION = YES;
				CLANG_WARN_OBJC_ROOT_CLASS = YES_ERROR;
				CLANG_WARN_QUOTED_INCLUDE_IN_FRAMEWORK_HEADER = YES;
				CLANG_WARN_RANGE_LOOP_ANALYSIS = YES;
				CLANG_WARN_STRICT_PROTOTYPES = YES;
				CLANG_WARN_SUSPICIOUS_MOVE = YES;
				CLANG_WARN_UNGUARDED_AVAILABILITY = YES_AGGRESSIVE;
				CLANG_WARN_UNREACHABLE_CODE = YES;
				CLANG_WARN__DUPLICATE_METHOD_MATCH = YES;
				COPY_PHASE_STRIP = NO;
				DEBUG_INFORMATION_FORMAT = dwarf;
				ENABLE_STRICT_OBJC_MSGSEND = YES;
				ENABLE_TESTABILITY = YES;
				GCC_C_LANGUAGE_STANDARD = gnu11;
				GCC_DYNAMIC_NO_PIC = NO;
				GCC_NO_COMMON_BLOCKS = YES;
				GCC_OPTIMIZATION_LEVEL = 0;
				GCC_PREPROCESSOR_DEFINITIONS = (
					"DEBUG=1",
					"$(inherited)",
				);
				GCC_WARN_64_TO_32_BIT_CONVERSION = YES;
				GCC_WARN_ABOUT_RETURN_TYPE = YES_ERROR;
				GCC_WARN_UNDECLARED_SELECTOR = YES;
				GCC_WARN_UNINITIALIZED_AUTOS = YES_AGGRESSIVE;
				GCC_WARN_UNUSED_FUNCTION = YES;
				GCC_WARN_UNUSED_VARIABLE = YES;
				IPHONEOS_DEPLOYMENT_TARGET = 15.0;
				MTL_ENABLE_DEBUG_INFO = INCLUDE_SOURCE;
				MTL_FAST_MATH = YES;
				ONLY_ACTIVE_ARCH = YES;
				SDKROOT = iphoneos;
				SWIFT_ACTIVE_COMPILATION_CONDITIONS = DEBUG;
				SWIFT_OPTIMIZATION_LEVEL = "-Onone";
			};
			name = Debug;
		};
		88C4B2A927B96FDA002C06ED /* Release */ = {
			isa = XCBuildConfiguration;
			buildSettings = {
				ALWAYS_SEARCH_USER_PATHS = NO;
				CLANG_ANALYZER_NONNULL = YES;
				CLANG_ANALYZER_NUMBER_OBJECT_CONVERSION = YES_AGGRESSIVE;
				CLANG_CXX_LANGUAGE_STANDARD = "gnu++17";
				CLANG_CXX_LIBRARY = "libc++";
				CLANG_ENABLE_MODULES = YES;
				CLANG_ENABLE_OBJC_ARC = YES;
				CLANG_ENABLE_OBJC_WEAK = YES;
				CLANG_WARN_BLOCK_CAPTURE_AUTORELEASING = YES;
				CLANG_WARN_BOOL_CONVERSION = YES;
				CLANG_WARN_COMMA = YES;
				CLANG_WARN_CONSTANT_CONVERSION = YES;
				CLANG_WARN_DEPRECATED_OBJC_IMPLEMENTATIONS = YES;
				CLANG_WARN_DIRECT_OBJC_ISA_USAGE = YES_ERROR;
				CLANG_WARN_DOCUMENTATION_COMMENTS = YES;
				CLANG_WARN_EMPTY_BODY = YES;
				CLANG_WARN_ENUM_CONVERSION = YES;
				CLANG_WARN_INFINITE_RECURSION = YES;
				CLANG_WARN_INT_CONVERSION = YES;
				CLANG_WARN_NON_LITERAL_NULL_CONVERSION = YES;
				CLANG_WARN_OBJC_IMPLICIT_RETAIN_SELF = YES;
				CLANG_WARN_OBJC_LITERAL_CONVERSION = YES;
				CLANG_WARN_OBJC_ROOT_CLASS = YES_ERROR;
				CLANG_WARN_QUOTED_INCLUDE_IN_FRAMEWORK_HEADER = YES;
				CLANG_WARN_RANGE_LOOP_ANALYSIS = YES;
				CLANG_WARN_STRICT_PROTOTYPES = YES;
				CLANG_WARN_SUSPICIOUS_MOVE = YES;
				CLANG_WARN_UNGUARDED_AVAILABILITY = YES_AGGRESSIVE;
				CLANG_WARN_UNREACHABLE_CODE = YES;
				CLANG_WARN__DUPLICATE_METHOD_MATCH = YES;
				COPY_PHASE_STRIP = NO;
				DEBUG_INFORMATION_FORMAT = "dwarf-with-dsym";
				ENABLE_NS_ASSERTIONS = NO;
				ENABLE_STRICT_OBJC_MSGSEND = YES;
				GCC_C_LANGUAGE_STANDARD = gnu11;
				GCC_NO_COMMON_BLOCKS = YES;
				GCC_WARN_64_TO_32_BIT_CONVERSION = YES;
				GCC_WARN_ABOUT_RETURN_TYPE = YES_ERROR;
				GCC_WARN_UNDECLARED_SELECTOR = YES;
				GCC_WARN_UNINITIALIZED_AUTOS = YES_AGGRESSIVE;
				GCC_WARN_UNUSED_FUNCTION = YES;
				GCC_WARN_UNUSED_VARIABLE = YES;
				IPHONEOS_DEPLOYMENT_TARGET = 15.0;
				MTL_ENABLE_DEBUG_INFO = NO;
				MTL_FAST_MATH = YES;
				SDKROOT = iphoneos;
				SWIFT_COMPILATION_MODE = wholemodule;
				SWIFT_OPTIMIZATION_LEVEL = "-O";
				VALIDATE_PRODUCT = YES;
			};
			name = Release;
		};
		88C4B2AB27B96FDA002C06ED /* Debug */ = {
			isa = XCBuildConfiguration;
			buildSettings = {
				ASSETCATALOG_COMPILER_APPICON_NAME = AppIcon;
				ASSETCATALOG_COMPILER_GLOBAL_ACCENT_COLOR_NAME = AccentColor;
				CODE_SIGN_STYLE = Automatic;
				CURRENT_PROJECT_VERSION = 1;
				DEVELOPMENT_ASSET_PATHS = "\"Dicee/Preview Content\"";
				DEVELOPMENT_TEAM = 63F4D7KM8P;
				ENABLE_PREVIEWS = YES;
				GENERATE_INFOPLIST_FILE = YES;
				INFOPLIST_KEY_UIApplicationSceneManifest_Generation = YES;
				INFOPLIST_KEY_UIApplicationSupportsIndirectInputEvents = YES;
				INFOPLIST_KEY_UILaunchScreen_Generation = YES;
				INFOPLIST_KEY_UISupportedInterfaceOrientations_iPad = "UIInterfaceOrientationPortrait UIInterfaceOrientationPortraitUpsideDown UIInterfaceOrientationLandscapeLeft UIInterfaceOrientationLandscapeRight";
				INFOPLIST_KEY_UISupportedInterfaceOrientations_iPhone = "UIInterfaceOrientationPortrait UIInterfaceOrientationLandscapeLeft UIInterfaceOrientationLandscapeRight";
				LD_RUNPATH_SEARCH_PATHS = (
					"$(inherited)",
					"@executable_path/Frameworks",
				);
				MARKETING_VERSION = 1.0;
				PRODUCT_BUNDLE_IDENTIFIER = com.kennyinc.Dicee;
				PRODUCT_NAME = "$(TARGET_NAME)";
				SWIFT_EMIT_LOC_STRINGS = YES;
				SWIFT_VERSION = 5.0;
				TARGETED_DEVICE_FAMILY = "1,2";
			};
			name = Debug;
		};
		88C4B2AC27B96FDA002C06ED /* Release */ = {
			isa = XCBuildConfiguration;
			buildSettings = {
				ASSETCATALOG_COMPILER_APPICON_NAME = AppIcon;
				ASSETCATALOG_COMPILER_GLOBAL_ACCENT_COLOR_NAME = AccentColor;
				CODE_SIGN_STYLE = Automatic;
				CURRENT_PROJECT_VERSION = 1;
				DEVELOPMENT_ASSET_PATHS = "\"Dicee/Preview Content\"";
				DEVELOPMENT_TEAM = 63F4D7KM8P;
				ENABLE_PREVIEWS = YES;
				GENERATE_INFOPLIST_FILE = YES;
				INFOPLIST_KEY_UIApplicationSceneManifest_Generation = YES;
				INFOPLIST_KEY_UIApplicationSupportsIndirectInputEvents = YES;
				INFOPLIST_KEY_UILaunchScreen_Generation = YES;
				INFOPLIST_KEY_UISupportedInterfaceOrientations_iPad = "UIInterfaceOrientationPortrait UIInterfaceOrientationPortraitUpsideDown UIInterfaceOrientationLandscapeLeft UIInterfaceOrientationLandscapeRight";
				INFOPLIST_KEY_UISupportedInterfaceOrientations_iPhone = "UIInterfaceOrientationPortrait UIInterfaceOrientationLandscapeLeft UIInterfaceOrientationLandscapeRight";
				LD_RUNPATH_SEARCH_PATHS = (
					"$(inherited)",
					"@executable_path/Frameworks",
				);
				MARKETING_VERSION = 1.0;
				PRODUCT_BUNDLE_IDENTIFIER = com.kennyinc.Dicee;
				PRODUCT_NAME = "$(TARGET_NAME)";
				SWIFT_EMIT_LOC_STRINGS = YES;
				SWIFT_VERSION = 5.0;
				TARGETED_DEVICE_FAMILY = "1,2";
			};
			name = Release;
		};
		88C4B2AE27B96FDA002C06ED /* Debug */ = {
			isa = XCBuildConfiguration;
			buildSettings = {
				ALWAYS_EMBED_SWIFT_STANDARD_LIBRARIES = YES;
				BUNDLE_LOADER = "$(TEST_HOST)";
				CODE_SIGN_STYLE = Automatic;
				CURRENT_PROJECT_VERSION = 1;
				DEVELOPMENT_TEAM = 63F4D7KM8P;
				GENERATE_INFOPLIST_FILE = YES;
				IPHONEOS_DEPLOYMENT_TARGET = 15.0;
				LD_RUNPATH_SEARCH_PATHS = (
					"$(inherited)",
					"@executable_path/Frameworks",
					"@loader_path/Frameworks",
				);
				MARKETING_VERSION = 1.0;
				PRODUCT_BUNDLE_IDENTIFIER = com.kennyinc.DiceeTests;
				PRODUCT_NAME = "$(TARGET_NAME)";
				SWIFT_EMIT_LOC_STRINGS = NO;
				SWIFT_VERSION = 5.0;
				TARGETED_DEVICE_FAMILY = "1,2";
				TEST_HOST = "$(BUILT_PRODUCTS_DIR)/Dicee.app/Dicee";
			};
			name = Debug;
		};
		88C4B2AF27B96FDA002C06ED /* Release */ = {
			isa = XCBuildConfiguration;
			buildSettings = {
				ALWAYS_EMBED_SWIFT_STANDARD_LIBRARIES = YES;
				BUNDLE_LOADER = "$(TEST_HOST)";
				CODE_SIGN_STYLE = Automatic;
				CURRENT_PROJECT_VERSION = 1;
				DEVELOPMENT_TEAM = 63F4D7KM8P;
				GENERATE_INFOPLIST_FILE = YES;
				IPHONEOS_DEPLOYMENT_TARGET = 15.0;
				LD_RUNPATH_SEARCH_PATHS = (
					"$(inherited)",
					"@executable_path/Frameworks",
					"@loader_path/Frameworks",
				);
				MARKETING_VERSION = 1.0;
				PRODUCT_BUNDLE_IDENTIFIER = com.kennyinc.DiceeTests;
				PRODUCT_NAME = "$(TARGET_NAME)";
				SWIFT_EMIT_LOC_STRINGS = NO;
				SWIFT_VERSION = 5.0;
				TARGETED_DEVICE_FAMILY = "1,2";
				TEST_HOST = "$(BUILT_PRODUCTS_DIR)/Dicee.app/Dicee";
			};
			name = Release;
		};
		88C4B2B127B96FDA002C06ED /* Debug */ = {
			isa = XCBuildConfiguration;
			buildSettings = {
				ALWAYS_EMBED_SWIFT_STANDARD_LIBRARIES = YES;
				CODE_SIGN_STYLE = Automatic;
				CURRENT_PROJECT_VERSION = 1;
				DEVELOPMENT_TEAM = 63F4D7KM8P;
				GENERATE_INFOPLIST_FILE = YES;
				LD_RUNPATH_SEARCH_PATHS = (
					"$(inherited)",
					"@executable_path/Frameworks",
					"@loader_path/Frameworks",
				);
				MARKETING_VERSION = 1.0;
				PRODUCT_BUNDLE_IDENTIFIER = com.kennyinc.DiceeUITests;
				PRODUCT_NAME = "$(TARGET_NAME)";
				SWIFT_EMIT_LOC_STRINGS = NO;
				SWIFT_VERSION = 5.0;
				TARGETED_DEVICE_FAMILY = "1,2";
				TEST_TARGET_NAME = Dicee;
			};
			name = Debug;
		};
		88C4B2B227B96FDA002C06ED /* Release */ = {
			isa = XCBuildConfiguration;
			buildSettings = {
				ALWAYS_EMBED_SWIFT_STANDARD_LIBRARIES = YES;
				CODE_SIGN_STYLE = Automatic;
				CURRENT_PROJECT_VERSION = 1;
				DEVELOPMENT_TEAM = 63F4D7KM8P;
				GENERATE_INFOPLIST_FILE = YES;
				LD_RUNPATH_SEARCH_PATHS = (
					"$(inherited)",
					"@executable_path/Frameworks",
					"@loader_path/Frameworks",
				);
				MARKETING_VERSION = 1.0;
				PRODUCT_BUNDLE_IDENTIFIER = com.kennyinc.DiceeUITests;
				PRODUCT_NAME = "$(TARGET_NAME)";
				SWIFT_EMIT_LOC_STRINGS = NO;
				SWIFT_VERSION = 5.0;
				TARGETED_DEVICE_FAMILY = "1,2";
				TEST_TARGET_NAME = Dicee;
			};
			name = Release;
		};
/* End XCBuildConfiguration section */

/* Begin XCConfigurationList section */
		88C4B27C27B96FD9002C06ED /* Build configuration list for PBXProject "Dicee" */ = {
			isa = XCConfigurationList;
			buildConfigurations = (
				88C4B2A827B96FDA002C06ED /* Debug */,
				88C4B2A927B96FDA002C06ED /* Release */,
			);
			defaultConfigurationIsVisible = 0;
			defaultConfigurationName = Release;
		};
		88C4B2AA27B96FDA002C06ED /* Build configuration list for PBXNativeTarget "Dicee" */ = {
			isa = XCConfigurationList;
			buildConfigurations = (
				88C4B2AB27B96FDA002C06ED /* Debug */,
				88C4B2AC27B96FDA002C06ED /* Release */,
			);
			defaultConfigurationIsVisible = 0;
			defaultConfigurationName = Release;
		};
		88C4B2AD27B96FDA002C06ED /* Build configuration list for PBXNativeTarget "DiceeTests" */ = {
			isa = XCConfigurationList;
			buildConfigurations = (
				88C4B2AE27B96FDA002C06ED /* Debug */,
				88C4B2AF27B96FDA002C06ED /* Release */,
			);
			defaultConfigurationIsVisible = 0;
			defaultConfigurationName = Release;
		};
		88C4B2B027B96FDA002C06ED /* Build configuration list for PBXNativeTarget "DiceeUITests" */ = {
			isa = XCConfigurationList;
			buildConfigurations = (
				88C4B2B127B96FDA002C06ED /* Debug */,
				88C4B2B227B96FDA002C06ED /* Release */,
			);
			defaultConfigurationIsVisible = 0;
			defaultConfigurationName = Release;
		};
/* End XCConfigurationList section */

/* Begin XCVersionGroup section */
		88C4B28F27B96FDA002C06ED /* Dicee.xcdatamodeld */ = {
			isa = XCVersionGroup;
			children = (
				88C4B29027B96FDA002C06ED /* Dicee.xcdatamodel */,
			);
			currentVersion = 88C4B29027B96FDA002C06ED /* Dicee.xcdatamodel */;
			path = Dicee.xcdatamodeld;
			sourceTree = "<group>";
			versionGroupType = wrapper.xcdatamodel;
		};
/* End XCVersionGroup section */
	};
	rootObject = 88C4B27927B96FD9002C06ED /* Project object */;
}
