// !$*UTF8*$!
{
	archiveVersion = 1;
	classes = {
	};
	objectVersion = 55;
	objects = {

/* Begin PBXBuildFile section */
		88F057EF27B94C2600FB0ABB /* KennyCardApp.swift in Sources */ = {isa = PBXBuildFile; fileRef = 88F057EE27B94C2600FB0ABB /* KennyCardApp.swift */; };
		88F057F127B94C2600FB0ABB /* ContentView.swift in Sources */ = {isa = PBXBuildFile; fileRef = 88F057F027B94C2600FB0ABB /* ContentView.swift */; };
		88F057F327B94C2700FB0ABB /* Assets.xcassets in Resources */ = {isa = PBXBuildFile; fileRef = 88F057F227B94C2700FB0ABB /* Assets.xcassets */; };
		88F057F627B94C2700FB0ABB /* Preview Assets.xcassets in Resources */ = {isa = PBXBuildFile; fileRef = 88F057F527B94C2700FB0ABB /* Preview Assets.xcassets */; };
		88F057F827B94C2700FB0ABB /* Persistence.swift in Sources */ = {isa = PBXBuildFile; fileRef = 88F057F727B94C2700FB0ABB /* Persistence.swift */; };
		88F057FB27B94C2700FB0ABB /* KennyCard.xcdatamodeld in Sources */ = {isa = PBXBuildFile; fileRef = 88F057F927B94C2700FB0ABB /* KennyCard.xcdatamodeld */; };
		88F0580527B94C2700FB0ABB /* KennyCardTests.swift in Sources */ = {isa = PBXBuildFile; fileRef = 88F0580427B94C2700FB0ABB /* KennyCardTests.swift */; };
		88F0580F27B94C2700FB0ABB /* KennyCardUITests.swift in Sources */ = {isa = PBXBuildFile; fileRef = 88F0580E27B94C2700FB0ABB /* KennyCardUITests.swift */; };
		88F0581127B94C2700FB0ABB /* KennyCardUITestsLaunchTests.swift in Sources */ = {isa = PBXBuildFile; fileRef = 88F0581027B94C2700FB0ABB /* KennyCardUITestsLaunchTests.swift */; };
/* End PBXBuildFile section */

/* Begin PBXContainerItemProxy section */
		88F0580127B94C2700FB0ABB /* PBXContainerItemProxy */ = {
			isa = PBXContainerItemProxy;
			containerPortal = 88F057E327B94C2600FB0ABB /* Project object */;
			proxyType = 1;
			remoteGlobalIDString = 88F057EA27B94C2600FB0ABB;
			remoteInfo = KennyCard;
		};
		88F0580B27B94C2700FB0ABB /* PBXContainerItemProxy */ = {
			isa = PBXContainerItemProxy;
			containerPortal = 88F057E327B94C2600FB0ABB /* Project object */;
			proxyType = 1;
			remoteGlobalIDString = 88F057EA27B94C2600FB0ABB;
			remoteInfo = KennyCard;
		};
/* End PBXContainerItemProxy section */

/* Begin PBXFileReference section */
		88F057EB27B94C2600FB0ABB /* KennyCard.app */ = {isa = PBXFileReference; explicitFileType = wrapper.application; includeInIndex = 0; path = KennyCard.app; sourceTree = BUILT_PRODUCTS_DIR; };
		88F057EE27B94C2600FB0ABB /* KennyCardApp.swift */ = {isa = PBXFileReference; lastKnownFileType = sourcecode.swift; path = KennyCardApp.swift; sourceTree = "<group>"; };
		88F057F027B94C2600FB0ABB /* ContentView.swift */ = {isa = PBXFileReference; lastKnownFileType = sourcecode.swift; path = ContentView.swift; sourceTree = "<group>"; };
		88F057F227B94C2700FB0ABB /* Assets.xcassets */ = {isa = PBXFileReference; lastKnownFileType = folder.assetcatalog; path = Assets.xcassets; sourceTree = "<group>"; };
		88F057F527B94C2700FB0ABB /* Preview Assets.xcassets */ = {isa = PBXFileReference; lastKnownFileType = folder.assetcatalog; path = "Preview Assets.xcassets"; sourceTree = "<group>"; };
		88F057F727B94C2700FB0ABB /* Persistence.swift */ = {isa = PBXFileReference; lastKnownFileType = sourcecode.swift; path = Persistence.swift; sourceTree = "<group>"; };
		88F057FA27B94C2700FB0ABB /* KennyCard.xcdatamodel */ = {isa = PBXFileReference; lastKnownFileType = wrapper.xcdatamodel; path = KennyCard.xcdatamodel; sourceTree = "<group>"; };
		88F0580027B94C2700FB0ABB /* KennyCardTests.xctest */ = {isa = PBXFileReference; explicitFileType = wrapper.cfbundle; includeInIndex = 0; path = KennyCardTests.xctest; sourceTree = BUILT_PRODUCTS_DIR; };
		88F0580427B94C2700FB0ABB /* KennyCardTests.swift */ = {isa = PBXFileReference; lastKnownFileType = sourcecode.swift; path = KennyCardTests.swift; sourceTree = "<group>"; };
		88F0580A27B94C2700FB0ABB /* KennyCardUITests.xctest */ = {isa = PBXFileReference; explicitFileType = wrapper.cfbundle; includeInIndex = 0; path = KennyCardUITests.xctest; sourceTree = BUILT_PRODUCTS_DIR; };
		88F0580E27B94C2700FB0ABB /* KennyCardUITests.swift */ = {isa = PBXFileReference; lastKnownFileType = sourcecode.swift; path = KennyCardUITests.swift; sourceTree = "<group>"; };
		88F0581027B94C2700FB0ABB /* KennyCardUITestsLaunchTests.swift */ = {isa = PBXFileReference; lastKnownFileType = sourcecode.swift; path = KennyCardUITestsLaunchTests.swift; sourceTree = "<group>"; };
/* End PBXFileReference section */

/* Begin PBXFrameworksBuildPhase section */
		88F057E827B94C2600FB0ABB /* Frameworks */ = {
			isa = PBXFrameworksBuildPhase;
			buildActionMask = 2147483647;
			files = (
			);
			runOnlyForDeploymentPostprocessing = 0;
		};
		88F057FD27B94C2700FB0ABB /* Frameworks */ = {
			isa = PBXFrameworksBuildPhase;
			buildActionMask = 2147483647;
			files = (
			);
			runOnlyForDeploymentPostprocessing = 0;
		};
		88F0580727B94C2700FB0ABB /* Frameworks */ = {
			isa = PBXFrameworksBuildPhase;
			buildActionMask = 2147483647;
			files = (
			);
			runOnlyForDeploymentPostprocessing = 0;
		};
/* End PBXFrameworksBuildPhase section */

/* Begin PBXGroup section */
		88F057E227B94C2600FB0ABB = {
			isa = PBXGroup;
			children = (
				88F057ED27B94C2600FB0ABB /* KennyCard */,
				88F0580327B94C2700FB0ABB /* KennyCardTests */,
				88F0580D27B94C2700FB0ABB /* KennyCardUITests */,
				88F057EC27B94C2600FB0ABB /* Products */,
			);
			sourceTree = "<group>";
		};
		88F057EC27B94C2600FB0ABB /* Products */ = {
			isa = PBXGroup;
			children = (
				88F057EB27B94C2600FB0ABB /* KennyCard.app */,
				88F0580027B94C2700FB0ABB /* KennyCardTests.xctest */,
				88F0580A27B94C2700FB0ABB /* KennyCardUITests.xctest */,
			);
			name = Products;
			sourceTree = "<group>";
		};
		88F057ED27B94C2600FB0ABB /* KennyCard */ = {
			isa = PBXGroup;
			children = (
				88F057EE27B94C2600FB0ABB /* KennyCardApp.swift */,
				88F057F027B94C2600FB0ABB /* ContentView.swift */,
				88F057F227B94C2700FB0ABB /* Assets.xcassets */,
				88F057F727B94C2700FB0ABB /* Persistence.swift */,
				88F057F927B94C2700FB0ABB /* KennyCard.xcdatamodeld */,
				88F057F427B94C2700FB0ABB /* Preview Content */,
			);
			path = KennyCard;
			sourceTree = "<group>";
		};
		88F057F427B94C2700FB0ABB /* Preview Content */ = {
			isa = PBXGroup;
			children = (
				88F057F527B94C2700FB0ABB /* Preview Assets.xcassets */,
			);
			path = "Preview Content";
			sourceTree = "<group>";
		};
		88F0580327B94C2700FB0ABB /* KennyCardTests */ = {
			isa = PBXGroup;
			children = (
				88F0580427B94C2700FB0ABB /* KennyCardTests.swift */,
			);
			path = KennyCardTests;
			sourceTree = "<group>";
		};
		88F0580D27B94C2700FB0ABB /* KennyCardUITests */ = {
			isa = PBXGroup;
			children = (
				88F0580E27B94C2700FB0ABB /* KennyCardUITests.swift */,
				88F0581027B94C2700FB0ABB /* KennyCardUITestsLaunchTests.swift */,
			);
			path = KennyCardUITests;
			sourceTree = "<group>";
		};
/* End PBXGroup section */

/* Begin PBXNativeTarget section */
		88F057EA27B94C2600FB0ABB /* KennyCard */ = {
			isa = PBXNativeTarget;
			buildConfigurationList = 88F0581427B94C2700FB0ABB /* Build configuration list for PBXNativeTarget "KennyCard" */;
			buildPhases = (
				88F057E727B94C2600FB0ABB /* Sources */,
				88F057E827B94C2600FB0ABB /* Frameworks */,
				88F057E927B94C2600FB0ABB /* Resources */,
			);
			buildRules = (
			);
			dependencies = (
			);
			name = KennyCard;
			productName = KennyCard;
			productReference = 88F057EB27B94C2600FB0ABB /* KennyCard.app */;
			productType = "com.apple.product-type.application";
		};
		88F057FF27B94C2700FB0ABB /* KennyCardTests */ = {
			isa = PBXNativeTarget;
			buildConfigurationList = 88F0581727B94C2700FB0ABB /* Build configuration list for PBXNativeTarget "KennyCardTests" */;
			buildPhases = (
				88F057FC27B94C2700FB0ABB /* Sources */,
				88F057FD27B94C2700FB0ABB /* Frameworks */,
				88F057FE27B94C2700FB0ABB /* Resources */,
			);
			buildRules = (
			);
			dependencies = (
				88F0580227B94C2700FB0ABB /* PBXTargetDependency */,
			);
			name = KennyCardTests;
			productName = KennyCardTests;
			productReference = 88F0580027B94C2700FB0ABB /* KennyCardTests.xctest */;
			productType = "com.apple.product-type.bundle.unit-test";
		};
		88F0580927B94C2700FB0ABB /* KennyCardUITests */ = {
			isa = PBXNativeTarget;
			buildConfigurationList = 88F0581A27B94C2700FB0ABB /* Build configuration list for PBXNativeTarget "KennyCardUITests" */;
			buildPhases = (
				88F0580627B94C2700FB0ABB /* Sources */,
				88F0580727B94C2700FB0ABB /* Frameworks */,
				88F0580827B94C2700FB0ABB /* Resources */,
			);
			buildRules = (
			);
			dependencies = (
				88F0580C27B94C2700FB0ABB /* PBXTargetDependency */,
			);
			name = KennyCardUITests;
			productName = KennyCardUITests;
			productReference = 88F0580A27B94C2700FB0ABB /* KennyCardUITests.xctest */;
			productType = "com.apple.product-type.bundle.ui-testing";
		};
/* End PBXNativeTarget section */

/* Begin PBXProject section */
		88F057E327B94C2600FB0ABB /* Project object */ = {
			isa = PBXProject;
			attributes = {
				BuildIndependentTargetsInParallel = 1;
				LastSwiftUpdateCheck = 1310;
				LastUpgradeCheck = 1310;
				TargetAttributes = {
					88F057EA27B94C2600FB0ABB = {
						CreatedOnToolsVersion = 13.1;
					};
					88F057FF27B94C2700FB0ABB = {
						CreatedOnToolsVersion = 13.1;
						TestTargetID = 88F057EA27B94C2600FB0ABB;
					};
					88F0580927B94C2700FB0ABB = {
						CreatedOnToolsVersion = 13.1;
						TestTargetID = 88F057EA27B94C2600FB0ABB;
					};
				};
			};
			buildConfigurationList = 88F057E627B94C2600FB0ABB /* Build configuration list for PBXProject "KennyCard" */;
			compatibilityVersion = "Xcode 13.0";
			developmentRegion = en;
			hasScannedForEncodings = 0;
			knownRegions = (
				en,
				Base,
			);
			mainGroup = 88F057E227B94C2600FB0ABB;
			productRefGroup = 88F057EC27B94C2600FB0ABB /* Products */;
			projectDirPath = "";
			projectRoot = "";
			targets = (
				88F057EA27B94C2600FB0ABB /* KennyCard */,
				88F057FF27B94C2700FB0ABB /* KennyCardTests */,
				88F0580927B94C2700FB0ABB /* KennyCardUITests */,
			);
		};
/* End PBXProject section */

/* Begin PBXResourcesBuildPhase section */
		88F057E927B94C2600FB0ABB /* Resources */ = {
			isa = PBXResourcesBuildPhase;
			buildActionMask = 2147483647;
			files = (
				88F057F627B94C2700FB0ABB /* Preview Assets.xcassets in Resources */,
				88F057F327B94C2700FB0ABB /* Assets.xcassets in Resources */,
			);
			runOnlyForDeploymentPostprocessing = 0;
		};
		88F057FE27B94C2700FB0ABB /* Resources */ = {
			isa = PBXResourcesBuildPhase;
			buildActionMask = 2147483647;
			files = (
			);
			runOnlyForDeploymentPostprocessing = 0;
		};
		88F0580827B94C2700FB0ABB /* Resources */ = {
			isa = PBXResourcesBuildPhase;
			buildActionMask = 2147483647;
			files = (
			);
			runOnlyForDeploymentPostprocessing = 0;
		};
/* End PBXResourcesBuildPhase section */

/* Begin PBXSourcesBuildPhase section */
		88F057E727B94C2600FB0ABB /* Sources */ = {
			isa = PBXSourcesBuildPhase;
			buildActionMask = 2147483647;
			files = (
				88F057F827B94C2700FB0ABB /* Persistence.swift in Sources */,
				88F057FB27B94C2700FB0ABB /* KennyCard.xcdatamodeld in Sources */,
				88F057F127B94C2600FB0ABB /* ContentView.swift in Sources */,
				88F057EF27B94C2600FB0ABB /* KennyCardApp.swift in Sources */,
			);
			runOnlyForDeploymentPostprocessing = 0;
		};
		88F057FC27B94C2700FB0ABB /* Sources */ = {
			isa = PBXSourcesBuildPhase;
			buildActionMask = 2147483647;
			files = (
				88F0580527B94C2700FB0ABB /* KennyCardTests.swift in Sources */,
			);
			runOnlyForDeploymentPostprocessing = 0;
		};
		88F0580627B94C2700FB0ABB /* Sources */ = {
			isa = PBXSourcesBuildPhase;
			buildActionMask = 2147483647;
			files = (
				88F0581127B94C2700FB0ABB /* KennyCardUITestsLaunchTests.swift in Sources */,
				88F0580F27B94C2700FB0ABB /* KennyCardUITests.swift in Sources */,
			);
			runOnlyForDeploymentPostprocessing = 0;
		};
/* End PBXSourcesBuildPhase section */

/* Begin PBXTargetDependency section */
		88F0580227B94C2700FB0ABB /* PBXTargetDependency */ = {
			isa = PBXTargetDependency;
			target = 88F057EA27B94C2600FB0ABB /* KennyCard */;
			targetProxy = 88F0580127B94C2700FB0ABB /* PBXContainerItemProxy */;
		};
		88F0580C27B94C2700FB0ABB /* PBXTargetDependency */ = {
			isa = PBXTargetDependency;
			target = 88F057EA27B94C2600FB0ABB /* KennyCard */;
			targetProxy = 88F0580B27B94C2700FB0ABB /* PBXContainerItemProxy */;
		};
/* End PBXTargetDependency section */

/* Begin XCBuildConfiguration section */
		88F0581227B94C2700FB0ABB /* Debug */ = {
			isa = XCBuildConfiguration;
			buildSettings = {
				ALWAYS_SEARCH_USER_PATHS = NO;
				CLANG_ANALYZER_NONNULL = YES;
				CLANG_ANALYZER_NUMBER_OBJECT_CONVERSION = YES_AGGRESSIVE;
				CLANG_CXX_LANGUAGE_STANDARD = "gnu++17";
				CLANG_CXX_LIBRARY = "libc++";
				CLANG_ENABLE_MODULES = YES;
				CLANG_ENABLE_OBJC_ARC = YES;
				CLANG_ENABLE_OBJC_WEAK = YES;
				CLANG_WARN_BLOCK_CAPTURE_AUTORELEASING = YES;
				CLANG_WARN_BOOL_CONVERSION = YES;
				CLANG_WARN_COMMA = YES;
				CLANG_WARN_CONSTANT_CONVERSION = YES;
				CLANG_WARN_DEPRECATED_OBJC_IMPLEMENTATIONS = YES;
				CLANG_WARN_DIRECT_OBJC_ISA_USAGE = YES_ERROR;
				CLANG_WARN_DOCUMENTATION_COMMENTS = YES;
				CLANG_WARN_EMPTY_BODY = YES;
				CLANG_WARN_ENUM_CONVERSION = YES;
				CLANG_WARN_INFINITE_RECURSION = YES;
				CLANG_WARN_INT_CONVERSION = YES;
				CLANG_WARN_NON_LITERAL_NULL_CONVERSION = YES;
				CLANG_WARN_OBJC_IMPLICIT_RETAIN_SELF = YES;
				CLANG_WARN_OBJC_LITERAL_CONVERSION = YES;
				CLANG_WARN_OBJC_ROOT_CLASS = YES_ERROR;
				CLANG_WARN_QUOTED_INCLUDE_IN_FRAMEWORK_HEADER = YES;
				CLANG_WARN_RANGE_LOOP_ANALYSIS = YES;
				CLANG_WARN_STRICT_PROTOTYPES = YES;
				CLANG_WARN_SUSPICIOUS_MOVE = YES;
				CLANG_WARN_UNGUARDED_AVAILABILITY = YES_AGGRESSIVE;
				CLANG_WARN_UNREACHABLE_CODE = YES;
				CLANG_WARN__DUPLICATE_METHOD_MATCH = YES;
				COPY_PHASE_STRIP = NO;
				DEBUG_INFORMATION_FORMAT = dwarf;
				ENABLE_STRICT_OBJC_MSGSEND = YES;
				ENABLE_TESTABILITY = YES;
				GCC_C_LANGUAGE_STANDARD = gnu11;
				GCC_DYNAMIC_NO_PIC = NO;
				GCC_NO_COMMON_BLOCKS = YES;
				GCC_OPTIMIZATION_LEVEL = 0;
				GCC_PREPROCESSOR_DEFINITIONS = (
					"DEBUG=1",
					"$(inherited)",
				);
				GCC_WARN_64_TO_32_BIT_CONVERSION = YES;
				GCC_WARN_ABOUT_RETURN_TYPE = YES_ERROR;
				GCC_WARN_UNDECLARED_SELECTOR = YES;
				GCC_WARN_UNINITIALIZED_AUTOS = YES_AGGRESSIVE;
				GCC_WARN_UNUSED_FUNCTION = YES;
				GCC_WARN_UNUSED_VARIABLE = YES;
				IPHONEOS_DEPLOYMENT_TARGET = 15.0;
				MTL_ENABLE_DEBUG_INFO = INCLUDE_SOURCE;
				MTL_FAST_MATH = YES;
				ONLY_ACTIVE_ARCH = YES;
				SDKROOT = iphoneos;
				SWIFT_ACTIVE_COMPILATION_CONDITIONS = DEBUG;
				SWIFT_OPTIMIZATION_LEVEL = "-Onone";
			};
			name = Debug;
		};
		88F0581327B94C2700FB0ABB /* Release */ = {
			isa = XCBuildConfiguration;
			buildSettings = {
				ALWAYS_SEARCH_USER_PATHS = NO;
				CLANG_ANALYZER_NONNULL = YES;
				CLANG_ANALYZER_NUMBER_OBJECT_CONVERSION = YES_AGGRESSIVE;
				CLANG_CXX_LANGUAGE_STANDARD = "gnu++17";
				CLANG_CXX_LIBRARY = "libc++";
				CLANG_ENABLE_MODULES = YES;
				CLANG_ENABLE_OBJC_ARC = YES;
				CLANG_ENABLE_OBJC_WEAK = YES;
				CLANG_WARN_BLOCK_CAPTURE_AUTORELEASING = YES;
				CLANG_WARN_BOOL_CONVERSION = YES;
				CLANG_WARN_COMMA = YES;
				CLANG_WARN_CONSTANT_CONVERSION = YES;
				CLANG_WARN_DEPRECATED_OBJC_IMPLEMENTATIONS = YES;
				CLANG_WARN_DIRECT_OBJC_ISA_USAGE = YES_ERROR;
				CLANG_WARN_DOCUMENTATION_COMMENTS = YES;
				CLANG_WARN_EMPTY_BODY = YES;
				CLANG_WARN_ENUM_CONVERSION = YES;
				CLANG_WARN_INFINITE_RECURSION = YES;
				CLANG_WARN_INT_CONVERSION = YES;
				CLANG_WARN_NON_LITERAL_NULL_CONVERSION = YES;
				CLANG_WARN_OBJC_IMPLICIT_RETAIN_SELF = YES;
				CLANG_WARN_OBJC_LITERAL_CONVERSION = YES;
				CLANG_WARN_OBJC_ROOT_CLASS = YES_ERROR;
				CLANG_WARN_QUOTED_INCLUDE_IN_FRAMEWORK_HEADER = YES;
				CLANG_WARN_RANGE_LOOP_ANALYSIS = YES;
				CLANG_WARN_STRICT_PROTOTYPES = YES;
				CLANG_WARN_SUSPICIOUS_MOVE = YES;
				CLANG_WARN_UNGUARDED_AVAILABILITY = YES_AGGRESSIVE;
				CLANG_WARN_UNREACHABLE_CODE = YES;
				CLANG_WARN__DUPLICATE_METHOD_MATCH = YES;
				COPY_PHASE_STRIP = NO;
				DEBUG_INFORMATION_FORMAT = "dwarf-with-dsym";
				ENABLE_NS_ASSERTIONS = NO;
				ENABLE_STRICT_OBJC_MSGSEND = YES;
				GCC_C_LANGUAGE_STANDARD = gnu11;
				GCC_NO_COMMON_BLOCKS = YES;
				GCC_WARN_64_TO_32_BIT_CONVERSION = YES;
				GCC_WARN_ABOUT_RETURN_TYPE = YES_ERROR;
				GCC_WARN_UNDECLARED_SELECTOR = YES;
				GCC_WARN_UNINITIALIZED_AUTOS = YES_AGGRESSIVE;
				GCC_WARN_UNUSED_FUNCTION = YES;
				GCC_WARN_UNUSED_VARIABLE = YES;
				IPHONEOS_DEPLOYMENT_TARGET = 15.0;
				MTL_ENABLE_DEBUG_INFO = NO;
				MTL_FAST_MATH = YES;
				SDKROOT = iphoneos;
				SWIFT_COMPILATION_MODE = wholemodule;
				SWIFT_OPTIMIZATION_LEVEL = "-O";
				VALIDATE_PRODUCT = YES;
			};
			name = Release;
		};
		88F0581527B94C2700FB0ABB /* Debug */ = {
			isa = XCBuildConfiguration;
			buildSettings = {
				ASSETCATALOG_COMPILER_APPICON_NAME = AppIcon;
				ASSETCATALOG_COMPILER_GLOBAL_ACCENT_COLOR_NAME = AccentColor;
				CODE_SIGN_STYLE = Automatic;
				CURRENT_PROJECT_VERSION = 1;
				DEVELOPMENT_ASSET_PATHS = "\"KennyCard/Preview Content\"";
				DEVELOPMENT_TEAM = 63F4D7KM8P;
				ENABLE_PREVIEWS = YES;
				GENERATE_INFOPLIST_FILE = YES;
				INFOPLIST_KEY_UIApplicationSceneManifest_Generation = YES;
				INFOPLIST_KEY_UIApplicationSupportsIndirectInputEvents = YES;
				INFOPLIST_KEY_UILaunchScreen_Generation = YES;
				INFOPLIST_KEY_UISupportedInterfaceOrientations_iPad = "UIInterfaceOrientationPortrait UIInterfaceOrientationPortraitUpsideDown UIInterfaceOrientationLandscapeLeft UIInterfaceOrientationLandscapeRight";
				INFOPLIST_KEY_UISupportedInterfaceOrientations_iPhone = "UIInterfaceOrientationPortrait UIInterfaceOrientationLandscapeLeft UIInterfaceOrientationLandscapeRight";
				LD_RUNPATH_SEARCH_PATHS = (
					"$(inherited)",
					"@executable_path/Frameworks",
				);
				MARKETING_VERSION = 1.0;
				PRODUCT_BUNDLE_IDENTIFIER = com.kennyinc.KennyCard;
				PRODUCT_NAME = "$(TARGET_NAME)";
				SWIFT_EMIT_LOC_STRINGS = YES;
				SWIFT_VERSION = 5.0;
				TARGETED_DEVICE_FAMILY = "1,2";
			};
			name = Debug;
		};
		88F0581627B94C2700FB0ABB /* Release */ = {
			isa = XCBuildConfiguration;
			buildSettings = {
				ASSETCATALOG_COMPILER_APPICON_NAME = AppIcon;
				ASSETCATALOG_COMPILER_GLOBAL_ACCENT_COLOR_NAME = AccentColor;
				CODE_SIGN_STYLE = Automatic;
				CURRENT_PROJECT_VERSION = 1;
				DEVELOPMENT_ASSET_PATHS = "\"KennyCard/Preview Content\"";
				DEVELOPMENT_TEAM = 63F4D7KM8P;
				ENABLE_PREVIEWS = YES;
				GENERATE_INFOPLIST_FILE = YES;
				INFOPLIST_KEY_UIApplicationSceneManifest_Generation = YES;
				INFOPLIST_KEY_UIApplicationSupportsIndirectInputEvents = YES;
				INFOPLIST_KEY_UILaunchScreen_Generation = YES;
				INFOPLIST_KEY_UISupportedInterfaceOrientations_iPad = "UIInterfaceOrientationPortrait UIInterfaceOrientationPortraitUpsideDown UIInterfaceOrientationLandscapeLeft UIInterfaceOrientationLandscapeRight";
				INFOPLIST_KEY_UISupportedInterfaceOrientations_iPhone = "UIInterfaceOrientationPortrait UIInterfaceOrientationLandscapeLeft UIInterfaceOrientationLandscapeRight";
				LD_RUNPATH_SEARCH_PATHS = (
					"$(inherited)",
					"@executable_path/Frameworks",
				);
				MARKETING_VERSION = 1.0;
				PRODUCT_BUNDLE_IDENTIFIER = com.kennyinc.KennyCard;
				PRODUCT_NAME = "$(TARGET_NAME)";
				SWIFT_EMIT_LOC_STRINGS = YES;
				SWIFT_VERSION = 5.0;
				TARGETED_DEVICE_FAMILY = "1,2";
			};
			name = Release;
		};
		88F0581827B94C2700FB0ABB /* Debug */ = {
			isa = XCBuildConfiguration;
			buildSettings = {
				ALWAYS_EMBED_SWIFT_STANDARD_LIBRARIES = YES;
				BUNDLE_LOADER = "$(TEST_HOST)";
				CODE_SIGN_STYLE = Automatic;
				CURRENT_PROJECT_VERSION = 1;
				DEVELOPMENT_TEAM = 63F4D7KM8P;
				GENERATE_INFOPLIST_FILE = YES;
				IPHONEOS_DEPLOYMENT_TARGET = 15.0;
				LD_RUNPATH_SEARCH_PATHS = (
					"$(inherited)",
					"@executable_path/Frameworks",
					"@loader_path/Frameworks",
				);
				MARKETING_VERSION = 1.0;
				PRODUCT_BUNDLE_IDENTIFIER = com.kennyinc.KennyCardTests;
				PRODUCT_NAME = "$(TARGET_NAME)";
				SWIFT_EMIT_LOC_STRINGS = NO;
				SWIFT_VERSION = 5.0;
				TARGETED_DEVICE_FAMILY = "1,2";
				TEST_HOST = "$(BUILT_PRODUCTS_DIR)/KennyCard.app/KennyCard";
			};
			name = Debug;
		};
		88F0581927B94C2700FB0ABB /* Release */ = {
			isa = XCBuildConfiguration;
			buildSettings = {
				ALWAYS_EMBED_SWIFT_STANDARD_LIBRARIES = YES;
				BUNDLE_LOADER = "$(TEST_HOST)";
				CODE_SIGN_STYLE = Automatic;
				CURRENT_PROJECT_VERSION = 1;
				DEVELOPMENT_TEAM = 63F4D7KM8P;
				GENERATE_INFOPLIST_FILE = YES;
				IPHONEOS_DEPLOYMENT_TARGET = 15.0;
				LD_RUNPATH_SEARCH_PATHS = (
					"$(inherited)",
					"@executable_path/Frameworks",
					"@loader_path/Frameworks",
				);
				MARKETING_VERSION = 1.0;
				PRODUCT_BUNDLE_IDENTIFIER = com.kennyinc.KennyCardTests;
				PRODUCT_NAME = "$(TARGET_NAME)";
				SWIFT_EMIT_LOC_STRINGS = NO;
				SWIFT_VERSION = 5.0;
				TARGETED_DEVICE_FAMILY = "1,2";
				TEST_HOST = "$(BUILT_PRODUCTS_DIR)/KennyCard.app/KennyCard";
			};
			name = Release;
		};
		88F0581B27B94C2700FB0ABB /* Debug */ = {
			isa = XCBuildConfiguration;
			buildSettings = {
				ALWAYS_EMBED_SWIFT_STANDARD_LIBRARIES = YES;
				CODE_SIGN_STYLE = Automatic;
				CURRENT_PROJECT_VERSION = 1;
				DEVELOPMENT_TEAM = 63F4D7KM8P;
				GENERATE_INFOPLIST_FILE = YES;
				LD_RUNPATH_SEARCH_PATHS = (
					"$(inherited)",
					"@executable_path/Frameworks",
					"@loader_path/Frameworks",
				);
				MARKETING_VERSION = 1.0;
				PRODUCT_BUNDLE_IDENTIFIER = com.kennyinc.KennyCardUITests;
				PRODUCT_NAME = "$(TARGET_NAME)";
				SWIFT_EMIT_LOC_STRINGS = NO;
				SWIFT_VERSION = 5.0;
				TARGETED_DEVICE_FAMILY = "1,2";
				TEST_TARGET_NAME = KennyCard;
			};
			name = Debug;
		};
		88F0581C27B94C2700FB0ABB /* Release */ = {
			isa = XCBuildConfiguration;
			buildSettings = {
				ALWAYS_EMBED_SWIFT_STANDARD_LIBRARIES = YES;
				CODE_SIGN_STYLE = Automatic;
				CURRENT_PROJECT_VERSION = 1;
				DEVELOPMENT_TEAM = 63F4D7KM8P;
				GENERATE_INFOPLIST_FILE = YES;
				LD_RUNPATH_SEARCH_PATHS = (
					"$(inherited)",
					"@executable_path/Frameworks",
					"@loader_path/Frameworks",
				);
				MARKETING_VERSION = 1.0;
				PRODUCT_BUNDLE_IDENTIFIER = com.kennyinc.KennyCardUITests;
				PRODUCT_NAME = "$(TARGET_NAME)";
				SWIFT_EMIT_LOC_STRINGS = NO;
				SWIFT_VERSION = 5.0;
				TARGETED_DEVICE_FAMILY = "1,2";
				TEST_TARGET_NAME = KennyCard;
			};
			name = Release;
		};
/* End XCBuildConfiguration section */

/* Begin XCConfigurationList section */
		88F057E627B94C2600FB0ABB /* Build configuration list for PBXProject "KennyCard" */ = {
			isa = XCConfigurationList;
			buildConfigurations = (
				88F0581227B94C2700FB0ABB /* Debug */,
				88F0581327B94C2700FB0ABB /* Release */,
			);
			defaultConfigurationIsVisible = 0;
			defaultConfigurationName = Release;
		};
		88F0581427B94C2700FB0ABB /* Build configuration list for PBXNativeTarget "KennyCard" */ = {
			isa = XCConfigurationList;
			buildConfigurations = (
				88F0581527B94C2700FB0ABB /* Debug */,
				88F0581627B94C2700FB0ABB /* Release */,
			);
			defaultConfigurationIsVisible = 0;
			defaultConfigurationName = Release;
		};
		88F0581727B94C2700FB0ABB /* Build configuration list for PBXNativeTarget "KennyCardTests" */ = {
			isa = XCConfigurationList;
			buildConfigurations = (
				88F0581827B94C2700FB0ABB /* Debug */,
				88F0581927B94C2700FB0ABB /* Release */,
			);
			defaultConfigurationIsVisible = 0;
			defaultConfigurationName = Release;
		};
		88F0581A27B94C2700FB0ABB /* Build configuration list for PBXNativeTarget "KennyCardUITests" */ = {
			isa = XCConfigurationList;
			buildConfigurations = (
				88F0581B27B94C2700FB0ABB /* Debug */,
				88F0581C27B94C2700FB0ABB /* Release */,
			);
			defaultConfigurationIsVisible = 0;
			defaultConfigurationName = Release;
		};
/* End XCConfigurationList section */

/* Begin XCVersionGroup section */
		88F057F927B94C2700FB0ABB /* KennyCard.xcdatamodeld */ = {
			isa = XCVersionGroup;
			children = (
				88F057FA27B94C2700FB0ABB /* KennyCard.xcdatamodel */,
			);
			currentVersion = 88F057FA27B94C2700FB0ABB /* KennyCard.xcdatamodel */;
			path = KennyCard.xcdatamodeld;
			sourceTree = "<group>";
			versionGroupType = wrapper.xcdatamodel;
		};
/* End XCVersionGroup section */
	};
	rootObject = 88F057E327B94C2600FB0ABB /* Project object */;
}
